// !$*UTF8*$!
{
	archiveVersion = 1;
	classes = {
	};
	objectVersion = 50;
	objects = {

/* Begin PBXBuildFile section */
		CA164C9825B5CDA9006C385A /* swift-format.json in Resources */ = {isa = PBXBuildFile; fileRef = CA164C9725B5CDA9006C385A /* swift-format.json */; };
		CA21A3EA25B6A49200C9BF1F /* HighlightView.swift in Sources */ = {isa = PBXBuildFile; fileRef = CA21A3E925B6A49100C9BF1F /* HighlightView.swift */; };
		CA21A3EB25B6A49200C9BF1F /* HighlightView.swift in Sources */ = {isa = PBXBuildFile; fileRef = CA21A3E925B6A49100C9BF1F /* HighlightView.swift */; };
		CA21A3F325B6A79C00C9BF1F /* BoardView.swift in Sources */ = {isa = PBXBuildFile; fileRef = CA21A3F225B6A79C00C9BF1F /* BoardView.swift */; };
		CA21A3F425B6A79C00C9BF1F /* BoardView.swift in Sources */ = {isa = PBXBuildFile; fileRef = CA21A3F225B6A79C00C9BF1F /* BoardView.swift */; };
		CA21A3F825B6AA7A00C9BF1F /* GridNumbersView.swift in Sources */ = {isa = PBXBuildFile; fileRef = CA21A3F725B6AA7A00C9BF1F /* GridNumbersView.swift */; };
		CA21A3F925B6AA7A00C9BF1F /* GridNumbersView.swift in Sources */ = {isa = PBXBuildFile; fileRef = CA21A3F725B6AA7A00C9BF1F /* GridNumbersView.swift */; };
		CA21A40A25B6E45800C9BF1F /* GridNotesView.swift in Sources */ = {isa = PBXBuildFile; fileRef = CA21A40925B6E45800C9BF1F /* GridNotesView.swift */; };
		CA21A40B25B6E45800C9BF1F /* GridNotesView.swift in Sources */ = {isa = PBXBuildFile; fileRef = CA21A40925B6E45800C9BF1F /* GridNotesView.swift */; };
		CA21A41C25B7124100C9BF1F /* GridView.swift in Sources */ = {isa = PBXBuildFile; fileRef = CA21A41B25B7124100C9BF1F /* GridView.swift */; };
		CA21A41D25B7124100C9BF1F /* GridView.swift in Sources */ = {isa = PBXBuildFile; fileRef = CA21A41B25B7124100C9BF1F /* GridView.swift */; };
		CAA243A525B8084C007AD3C6 /* Grid.swift in Sources */ = {isa = PBXBuildFile; fileRef = CAA243A425B8084C007AD3C6 /* Grid.swift */; };
		CAA243A625B8084C007AD3C6 /* Grid.swift in Sources */ = {isa = PBXBuildFile; fileRef = CAA243A425B8084C007AD3C6 /* Grid.swift */; };
		CAA243AA25B80886007AD3C6 /* Solver.swift in Sources */ = {isa = PBXBuildFile; fileRef = CAA243A925B80886007AD3C6 /* Solver.swift */; };
		CAA243AB25B80886007AD3C6 /* Solver.swift in Sources */ = {isa = PBXBuildFile; fileRef = CAA243A925B80886007AD3C6 /* Solver.swift */; };
		CAC93E3D25B58D6D00207492 /* SudokuSolverApp.swift in Sources */ = {isa = PBXBuildFile; fileRef = CAC93E2A25B58D6C00207492 /* SudokuSolverApp.swift */; };
		CAC93E3E25B58D6D00207492 /* SudokuSolverApp.swift in Sources */ = {isa = PBXBuildFile; fileRef = CAC93E2A25B58D6C00207492 /* SudokuSolverApp.swift */; };
		CAC93E3F25B58D6D00207492 /* ContentView.swift in Sources */ = {isa = PBXBuildFile; fileRef = CAC93E2B25B58D6C00207492 /* ContentView.swift */; };
		CAC93E4025B58D6D00207492 /* ContentView.swift in Sources */ = {isa = PBXBuildFile; fileRef = CAC93E2B25B58D6C00207492 /* ContentView.swift */; };
		CAC93E4125B58D6D00207492 /* Assets.xcassets in Resources */ = {isa = PBXBuildFile; fileRef = CAC93E2C25B58D6C00207492 /* Assets.xcassets */; };
		CAC93E4225B58D6D00207492 /* Assets.xcassets in Resources */ = {isa = PBXBuildFile; fileRef = CAC93E2C25B58D6C00207492 /* Assets.xcassets */; };
		CAC93E4E25B58DE800207492 /* GridLinesView.swift in Sources */ = {isa = PBXBuildFile; fileRef = CAC93E4D25B58DE800207492 /* GridLinesView.swift */; };
		CAC93E4F25B58DE800207492 /* GridLinesView.swift in Sources */ = {isa = PBXBuildFile; fileRef = CAC93E4D25B58DE800207492 /* GridLinesView.swift */; };
/* End PBXBuildFile section */

/* Begin PBXFileReference section */
		CA164C9725B5CDA9006C385A /* swift-format.json */ = {isa = PBXFileReference; fileEncoding = 4; lastKnownFileType = text.json; path = "swift-format.json"; sourceTree = "<group>"; };
		CA164CA525B5D305006C385A /* SwiftFormatLint.sh */ = {isa = PBXFileReference; lastKnownFileType = text.script.sh; path = SwiftFormatLint.sh; sourceTree = "<group>"; };
		CA21A3E925B6A49100C9BF1F /* HighlightView.swift */ = {isa = PBXFileReference; lastKnownFileType = sourcecode.swift; path = HighlightView.swift; sourceTree = "<group>"; };
		CA21A3F225B6A79C00C9BF1F /* BoardView.swift */ = {isa = PBXFileReference; lastKnownFileType = sourcecode.swift; path = BoardView.swift; sourceTree = "<group>"; };
		CA21A3F725B6AA7A00C9BF1F /* GridNumbersView.swift */ = {isa = PBXFileReference; lastKnownFileType = sourcecode.swift; path = GridNumbersView.swift; sourceTree = "<group>"; };
		CA21A40925B6E45800C9BF1F /* GridNotesView.swift */ = {isa = PBXFileReference; lastKnownFileType = sourcecode.swift; path = GridNotesView.swift; sourceTree = "<group>"; };
		CA21A41B25B7124100C9BF1F /* GridView.swift */ = {isa = PBXFileReference; lastKnownFileType = sourcecode.swift; path = GridView.swift; sourceTree = "<group>"; };
		CAA243A425B8084C007AD3C6 /* Grid.swift */ = {isa = PBXFileReference; lastKnownFileType = sourcecode.swift; path = Grid.swift; sourceTree = "<group>"; };
		CAA243A925B80886007AD3C6 /* Solver.swift */ = {isa = PBXFileReference; lastKnownFileType = sourcecode.swift; path = Solver.swift; sourceTree = "<group>"; };
		CAC93E2A25B58D6C00207492 /* SudokuSolverApp.swift */ = {isa = PBXFileReference; lastKnownFileType = sourcecode.swift; path = SudokuSolverApp.swift; sourceTree = "<group>"; };
		CAC93E2B25B58D6C00207492 /* ContentView.swift */ = {isa = PBXFileReference; lastKnownFileType = sourcecode.swift; path = ContentView.swift; sourceTree = "<group>"; };
		CAC93E2C25B58D6C00207492 /* Assets.xcassets */ = {isa = PBXFileReference; lastKnownFileType = folder.assetcatalog; path = Assets.xcassets; sourceTree = "<group>"; };
		CAC93E3125B58D6C00207492 /* SudokuSolver.app */ = {isa = PBXFileReference; explicitFileType = wrapper.application; includeInIndex = 0; path = SudokuSolver.app; sourceTree = BUILT_PRODUCTS_DIR; };
		CAC93E3425B58D6C00207492 /* Info.plist */ = {isa = PBXFileReference; lastKnownFileType = text.plist.xml; path = Info.plist; sourceTree = "<group>"; };
		CAC93E3925B58D6D00207492 /* SudokuSolver.app */ = {isa = PBXFileReference; explicitFileType = wrapper.application; includeInIndex = 0; path = SudokuSolver.app; sourceTree = BUILT_PRODUCTS_DIR; };
		CAC93E3B25B58D6D00207492 /* Info.plist */ = {isa = PBXFileReference; lastKnownFileType = text.plist.xml; path = Info.plist; sourceTree = "<group>"; };
		CAC93E3C25B58D6D00207492 /* macOS.entitlements */ = {isa = PBXFileReference; lastKnownFileType = text.plist.entitlements; path = macOS.entitlements; sourceTree = "<group>"; };
		CAC93E4D25B58DE800207492 /* GridLinesView.swift */ = {isa = PBXFileReference; lastKnownFileType = sourcecode.swift; path = GridLinesView.swift; sourceTree = "<group>"; };
/* End PBXFileReference section */

/* Begin PBXFrameworksBuildPhase section */
		CAC93E2E25B58D6C00207492 /* Frameworks */ = {
			isa = PBXFrameworksBuildPhase;
			buildActionMask = 2147483647;
			files = (
			);
			runOnlyForDeploymentPostprocessing = 0;
		};
		CAC93E3625B58D6D00207492 /* Frameworks */ = {
			isa = PBXFrameworksBuildPhase;
			buildActionMask = 2147483647;
			files = (
			);
			runOnlyForDeploymentPostprocessing = 0;
		};
/* End PBXFrameworksBuildPhase section */

/* Begin PBXGroup section */
		CA164CA225B5D21B006C385A /* Scripts */ = {
			isa = PBXGroup;
			children = (
				CA164CA525B5D305006C385A /* SwiftFormatLint.sh */,
			);
			path = Scripts;
			sourceTree = "<group>";
		};
		CA21A41025B7090F00C9BF1F /* Views */ = {
			isa = PBXGroup;
			children = (
				CA21A3E925B6A49100C9BF1F /* HighlightView.swift */,
				CAC93E4D25B58DE800207492 /* GridLinesView.swift */,
				CA21A3F725B6AA7A00C9BF1F /* GridNumbersView.swift */,
				CA21A40925B6E45800C9BF1F /* GridNotesView.swift */,
				CA21A41B25B7124100C9BF1F /* GridView.swift */,
				CA21A3F225B6A79C00C9BF1F /* BoardView.swift */,
			);
			path = Views;
			sourceTree = "<group>";
		};
		CA21A41325B709F800C9BF1F /* Model */ = {
			isa = PBXGroup;
			children = (
				CAA243A425B8084C007AD3C6 /* Grid.swift */,
				CAA243A925B80886007AD3C6 /* Solver.swift */,
			);
			path = Model;
			sourceTree = "<group>";
		};
		CAC93E2425B58D6C00207492 = {
			isa = PBXGroup;
			children = (
				CAC93E2925B58D6C00207492 /* Shared */,
				CAC93E3325B58D6C00207492 /* iOS */,
				CAC93E3A25B58D6D00207492 /* macOS */,
				CA164CA225B5D21B006C385A /* Scripts */,
				CA164C9725B5CDA9006C385A /* swift-format.json */,
				CAC93E3225B58D6C00207492 /* Products */,
			);
			sourceTree = "<group>";
		};
		CAC93E2925B58D6C00207492 /* Shared */ = {
			isa = PBXGroup;
			children = (
				CAC93E2A25B58D6C00207492 /* SudokuSolverApp.swift */,
				CAC93E2B25B58D6C00207492 /* ContentView.swift */,
				CAC93E2C25B58D6C00207492 /* Assets.xcassets */,
				CA21A41025B7090F00C9BF1F /* Views */,
				CA21A41325B709F800C9BF1F /* Model */,
			);
			path = Shared;
			sourceTree = "<group>";
		};
		CAC93E3225B58D6C00207492 /* Products */ = {
			isa = PBXGroup;
			children = (
				CAC93E3125B58D6C00207492 /* SudokuSolver.app */,
				CAC93E3925B58D6D00207492 /* SudokuSolver.app */,
			);
			name = Products;
			sourceTree = "<group>";
		};
		CAC93E3325B58D6C00207492 /* iOS */ = {
			isa = PBXGroup;
			children = (
				CAC93E3425B58D6C00207492 /* Info.plist */,
			);
			path = iOS;
			sourceTree = "<group>";
		};
		CAC93E3A25B58D6D00207492 /* macOS */ = {
			isa = PBXGroup;
			children = (
				CAC93E3B25B58D6D00207492 /* Info.plist */,
				CAC93E3C25B58D6D00207492 /* macOS.entitlements */,
			);
			path = macOS;
			sourceTree = "<group>";
		};
/* End PBXGroup section */

/* Begin PBXNativeTarget section */
		CAC93E3025B58D6C00207492 /* SudokuSolver (iOS) */ = {
			isa = PBXNativeTarget;
			buildConfigurationList = CAC93E4525B58D6D00207492 /* Build configuration list for PBXNativeTarget "SudokuSolver (iOS)" */;
			buildPhases = (
				CAC93E2D25B58D6C00207492 /* Sources */,
				CAC93E2E25B58D6C00207492 /* Frameworks */,
				CAC93E2F25B58D6C00207492 /* Resources */,
				CA164CAA25B5D95D006C385A /* ShellScript */,
			);
			buildRules = (
			);
			dependencies = (
			);
			name = "SudokuSolver (iOS)";
			productName = "SudokuSolver (iOS)";
			productReference = CAC93E3125B58D6C00207492 /* SudokuSolver.app */;
			productType = "com.apple.product-type.application";
		};
		CAC93E3825B58D6D00207492 /* SudokuSolver (macOS) */ = {
			isa = PBXNativeTarget;
			buildConfigurationList = CAC93E4825B58D6D00207492 /* Build configuration list for PBXNativeTarget "SudokuSolver (macOS)" */;
			buildPhases = (
				CAC93E3525B58D6D00207492 /* Sources */,
				CAC93E3625B58D6D00207492 /* Frameworks */,
				CAC93E3725B58D6D00207492 /* Resources */,
			);
			buildRules = (
			);
			dependencies = (
			);
			name = "SudokuSolver (macOS)";
			productName = "SudokuSolver (macOS)";
			productReference = CAC93E3925B58D6D00207492 /* SudokuSolver.app */;
			productType = "com.apple.product-type.application";
		};
/* End PBXNativeTarget section */

/* Begin PBXProject section */
		CAC93E2525B58D6C00207492 /* Project object */ = {
			isa = PBXProject;
			attributes = {
				LastSwiftUpdateCheck = 1230;
				LastUpgradeCheck = 1230;
				TargetAttributes = {
					CAC93E3025B58D6C00207492 = {
						CreatedOnToolsVersion = 12.3;
					};
					CAC93E3825B58D6D00207492 = {
						CreatedOnToolsVersion = 12.3;
					};
				};
			};
			buildConfigurationList = CAC93E2825B58D6C00207492 /* Build configuration list for PBXProject "SudokuSolver" */;
			compatibilityVersion = "Xcode 9.3";
			developmentRegion = en;
			hasScannedForEncodings = 0;
			knownRegions = (
				en,
				Base,
			);
			mainGroup = CAC93E2425B58D6C00207492;
			productRefGroup = CAC93E3225B58D6C00207492 /* Products */;
			projectDirPath = "";
			projectRoot = "";
			targets = (
				CAC93E3025B58D6C00207492 /* SudokuSolver (iOS) */,
				CAC93E3825B58D6D00207492 /* SudokuSolver (macOS) */,
			);
		};
/* End PBXProject section */

/* Begin PBXResourcesBuildPhase section */
		CAC93E2F25B58D6C00207492 /* Resources */ = {
			isa = PBXResourcesBuildPhase;
			buildActionMask = 2147483647;
			files = (
				CA164C9825B5CDA9006C385A /* swift-format.json in Resources */,
				CAC93E4125B58D6D00207492 /* Assets.xcassets in Resources */,
			);
			runOnlyForDeploymentPostprocessing = 0;
		};
		CAC93E3725B58D6D00207492 /* Resources */ = {
			isa = PBXResourcesBuildPhase;
			buildActionMask = 2147483647;
			files = (
				CAC93E4225B58D6D00207492 /* Assets.xcassets in Resources */,
			);
			runOnlyForDeploymentPostprocessing = 0;
		};
/* End PBXResourcesBuildPhase section */

/* Begin PBXShellScriptBuildPhase section */
		CA164CAA25B5D95D006C385A /* ShellScript */ = {
			isa = PBXShellScriptBuildPhase;
			buildActionMask = 2147483647;
			files = (
			);
			inputFileListPaths = (
			);
			inputPaths = (
			);
			outputFileListPaths = (
			);
			outputPaths = (
			);
			runOnlyForDeploymentPostprocessing = 0;
			shellPath = /bin/sh;
			shellScript = "${PROJECT_DIR}/Scripts/SwiftFormatLint.sh\n";
		};
/* End PBXShellScriptBuildPhase section */

/* Begin PBXSourcesBuildPhase section */
		CAC93E2D25B58D6C00207492 /* Sources */ = {
			isa = PBXSourcesBuildPhase;
			buildActionMask = 2147483647;
			files = (
				CAA243AA25B80886007AD3C6 /* Solver.swift in Sources */,
				CA21A3EA25B6A49200C9BF1F /* HighlightView.swift in Sources */,
				CA21A41C25B7124100C9BF1F /* GridView.swift in Sources */,
				CA21A3F825B6AA7A00C9BF1F /* GridNumbersView.swift in Sources */,
				CA21A40A25B6E45800C9BF1F /* GridNotesView.swift in Sources */,
				CAC93E3F25B58D6D00207492 /* ContentView.swift in Sources */,
				CA21A3F325B6A79C00C9BF1F /* BoardView.swift in Sources */,
				CAC93E4E25B58DE800207492 /* GridLinesView.swift in Sources */,
				CAC93E3D25B58D6D00207492 /* SudokuSolverApp.swift in Sources */,
				CAA243A525B8084C007AD3C6 /* Grid.swift in Sources */,
			);
			runOnlyForDeploymentPostprocessing = 0;
		};
		CAC93E3525B58D6D00207492 /* Sources */ = {
			isa = PBXSourcesBuildPhase;
			buildActionMask = 2147483647;
			files = (
				CAA243AB25B80886007AD3C6 /* Solver.swift in Sources */,
				CA21A3EB25B6A49200C9BF1F /* HighlightView.swift in Sources */,
				CA21A41D25B7124100C9BF1F /* GridView.swift in Sources */,
				CA21A3F925B6AA7A00C9BF1F /* GridNumbersView.swift in Sources */,
				CA21A40B25B6E45800C9BF1F /* GridNotesView.swift in Sources */,
				CAC93E4025B58D6D00207492 /* ContentView.swift in Sources */,
				CA21A3F425B6A79C00C9BF1F /* BoardView.swift in Sources */,
				CAC93E4F25B58DE800207492 /* GridLinesView.swift in Sources */,
				CAC93E3E25B58D6D00207492 /* SudokuSolverApp.swift in Sources */,
				CAA243A625B8084C007AD3C6 /* Grid.swift in Sources */,
			);
			runOnlyForDeploymentPostprocessing = 0;
		};
/* End PBXSourcesBuildPhase section */

/* Begin XCBuildConfiguration section */
		CAC93E4325B58D6D00207492 /* Debug */ = {
			isa = XCBuildConfiguration;
			buildSettings = {
				ALWAYS_SEARCH_USER_PATHS = NO;
				CLANG_ANALYZER_NONNULL = YES;
				CLANG_ANALYZER_NUMBER_OBJECT_CONVERSION = YES_AGGRESSIVE;
				CLANG_CXX_LANGUAGE_STANDARD = "gnu++14";
				CLANG_CXX_LIBRARY = "libc++";
				CLANG_ENABLE_MODULES = YES;
				CLANG_ENABLE_OBJC_ARC = YES;
				CLANG_ENABLE_OBJC_WEAK = YES;
				CLANG_WARN_BLOCK_CAPTURE_AUTORELEASING = YES;
				CLANG_WARN_BOOL_CONVERSION = YES;
				CLANG_WARN_COMMA = YES;
				CLANG_WARN_CONSTANT_CONVERSION = YES;
				CLANG_WARN_DEPRECATED_OBJC_IMPLEMENTATIONS = YES;
				CLANG_WARN_DIRECT_OBJC_ISA_USAGE = YES_ERROR;
				CLANG_WARN_DOCUMENTATION_COMMENTS = YES;
				CLANG_WARN_EMPTY_BODY = YES;
				CLANG_WARN_ENUM_CONVERSION = YES;
				CLANG_WARN_INFINITE_RECURSION = YES;
				CLANG_WARN_INT_CONVERSION = YES;
				CLANG_WARN_NON_LITERAL_NULL_CONVERSION = YES;
				CLANG_WARN_OBJC_IMPLICIT_RETAIN_SELF = YES;
				CLANG_WARN_OBJC_LITERAL_CONVERSION = YES;
				CLANG_WARN_OBJC_ROOT_CLASS = YES_ERROR;
				CLANG_WARN_QUOTED_INCLUDE_IN_FRAMEWORK_HEADER = YES;
				CLANG_WARN_RANGE_LOOP_ANALYSIS = YES;
				CLANG_WARN_STRICT_PROTOTYPES = YES;
				CLANG_WARN_SUSPICIOUS_MOVE = YES;
				CLANG_WARN_UNGUARDED_AVAILABILITY = YES_AGGRESSIVE;
				CLANG_WARN_UNREACHABLE_CODE = YES;
				CLANG_WARN__DUPLICATE_METHOD_MATCH = YES;
				COPY_PHASE_STRIP = NO;
				DEBUG_INFORMATION_FORMAT = dwarf;
				ENABLE_STRICT_OBJC_MSGSEND = YES;
				ENABLE_TESTABILITY = YES;
				GCC_C_LANGUAGE_STANDARD = gnu11;
				GCC_DYNAMIC_NO_PIC = NO;
				GCC_NO_COMMON_BLOCKS = YES;
				GCC_OPTIMIZATION_LEVEL = 0;
				GCC_PREPROCESSOR_DEFINITIONS = (
					"DEBUG=1",
					"$(inherited)",
				);
				GCC_WARN_64_TO_32_BIT_CONVERSION = YES;
				GCC_WARN_ABOUT_RETURN_TYPE = YES_ERROR;
				GCC_WARN_UNDECLARED_SELECTOR = YES;
				GCC_WARN_UNINITIALIZED_AUTOS = YES_AGGRESSIVE;
				GCC_WARN_UNUSED_FUNCTION = YES;
				GCC_WARN_UNUSED_VARIABLE = YES;
				MTL_ENABLE_DEBUG_INFO = INCLUDE_SOURCE;
				MTL_FAST_MATH = YES;
				ONLY_ACTIVE_ARCH = YES;
				SWIFT_ACTIVE_COMPILATION_CONDITIONS = DEBUG;
				SWIFT_OPTIMIZATION_LEVEL = "-Onone";
			};
			name = Debug;
		};
		CAC93E4425B58D6D00207492 /* Release */ = {
			isa = XCBuildConfiguration;
			buildSettings = {
				ALWAYS_SEARCH_USER_PATHS = NO;
				CLANG_ANALYZER_NONNULL = YES;
				CLANG_ANALYZER_NUMBER_OBJECT_CONVERSION = YES_AGGRESSIVE;
				CLANG_CXX_LANGUAGE_STANDARD = "gnu++14";
				CLANG_CXX_LIBRARY = "libc++";
				CLANG_ENABLE_MODULES = YES;
				CLANG_ENABLE_OBJC_ARC = YES;
				CLANG_ENABLE_OBJC_WEAK = YES;
				CLANG_WARN_BLOCK_CAPTURE_AUTORELEASING = YES;
				CLANG_WARN_BOOL_CONVERSION = YES;
				CLANG_WARN_COMMA = YES;
				CLANG_WARN_CONSTANT_CONVERSION = YES;
				CLANG_WARN_DEPRECATED_OBJC_IMPLEMENTATIONS = YES;
				CLANG_WARN_DIRECT_OBJC_ISA_USAGE = YES_ERROR;
				CLANG_WARN_DOCUMENTATION_COMMENTS = YES;
				CLANG_WARN_EMPTY_BODY = YES;
				CLANG_WARN_ENUM_CONVERSION = YES;
				CLANG_WARN_INFINITE_RECURSION = YES;
				CLANG_WARN_INT_CONVERSION = YES;
				CLANG_WARN_NON_LITERAL_NULL_CONVERSION = YES;
				CLANG_WARN_OBJC_IMPLICIT_RETAIN_SELF = YES;
				CLANG_WARN_OBJC_LITERAL_CONVERSION = YES;
				CLANG_WARN_OBJC_ROOT_CLASS = YES_ERROR;
				CLANG_WARN_QUOTED_INCLUDE_IN_FRAMEWORK_HEADER = YES;
				CLANG_WARN_RANGE_LOOP_ANALYSIS = YES;
				CLANG_WARN_STRICT_PROTOTYPES = YES;
				CLANG_WARN_SUSPICIOUS_MOVE = YES;
				CLANG_WARN_UNGUARDED_AVAILABILITY = YES_AGGRESSIVE;
				CLANG_WARN_UNREACHABLE_CODE = YES;
				CLANG_WARN__DUPLICATE_METHOD_MATCH = YES;
				COPY_PHASE_STRIP = NO;
				DEBUG_INFORMATION_FORMAT = "dwarf-with-dsym";
				ENABLE_NS_ASSERTIONS = NO;
				ENABLE_STRICT_OBJC_MSGSEND = YES;
				GCC_C_LANGUAGE_STANDARD = gnu11;
				GCC_NO_COMMON_BLOCKS = YES;
				GCC_WARN_64_TO_32_BIT_CONVERSION = YES;
				GCC_WARN_ABOUT_RETURN_TYPE = YES_ERROR;
				GCC_WARN_UNDECLARED_SELECTOR = YES;
				GCC_WARN_UNINITIALIZED_AUTOS = YES_AGGRESSIVE;
				GCC_WARN_UNUSED_FUNCTION = YES;
				GCC_WARN_UNUSED_VARIABLE = YES;
				MTL_ENABLE_DEBUG_INFO = NO;
				MTL_FAST_MATH = YES;
				SWIFT_COMPILATION_MODE = wholemodule;
				SWIFT_OPTIMIZATION_LEVEL = "-O";
			};
			name = Release;
		};
		CAC93E4625B58D6D00207492 /* Debug */ = {
			isa = XCBuildConfiguration;
			buildSettings = {
				ASSETCATALOG_COMPILER_APPICON_NAME = AppIcon;
				ASSETCATALOG_COMPILER_GLOBAL_ACCENT_COLOR_NAME = AccentColor;
				CODE_SIGN_STYLE = Automatic;
				DEVELOPMENT_TEAM = RHUXLRP5B4;
				ENABLE_PREVIEWS = YES;
				INFOPLIST_FILE = iOS/Info.plist;
				IPHONEOS_DEPLOYMENT_TARGET = 14.0;
				LD_RUNPATH_SEARCH_PATHS = (
					"$(inherited)",
					"@executable_path/Frameworks",
				);
				PRODUCT_BUNDLE_IDENTIFIER = com.erning.SudokuSolver;
				PRODUCT_NAME = SudokuSolver;
				SDKROOT = iphoneos;
				SWIFT_VERSION = 5.0;
				TARGETED_DEVICE_FAMILY = "1,2";
			};
			name = Debug;
		};
		CAC93E4725B58D6D00207492 /* Release */ = {
			isa = XCBuildConfiguration;
			buildSettings = {
				ASSETCATALOG_COMPILER_APPICON_NAME = AppIcon;
				ASSETCATALOG_COMPILER_GLOBAL_ACCENT_COLOR_NAME = AccentColor;
				CODE_SIGN_STYLE = Automatic;
				DEVELOPMENT_TEAM = RHUXLRP5B4;
				ENABLE_PREVIEWS = YES;
				INFOPLIST_FILE = iOS/Info.plist;
				IPHONEOS_DEPLOYMENT_TARGET = 14.0;
				LD_RUNPATH_SEARCH_PATHS = (
					"$(inherited)",
					"@executable_path/Frameworks",
				);
				PRODUCT_BUNDLE_IDENTIFIER = com.erning.SudokuSolver;
				PRODUCT_NAME = SudokuSolver;
				SDKROOT = iphoneos;
				SWIFT_VERSION = 5.0;
				TARGETED_DEVICE_FAMILY = "1,2";
				VALIDATE_PRODUCT = YES;
			};
			name = Release;
		};
		CAC93E4925B58D6D00207492 /* Debug */ = {
			isa = XCBuildConfiguration;
			buildSettings = {
				ASSETCATALOG_COMPILER_APPICON_NAME = AppIcon;
				ASSETCATALOG_COMPILER_GLOBAL_ACCENT_COLOR_NAME = AccentColor;
				CODE_SIGN_ENTITLEMENTS = macOS/macOS.entitlements;
				CODE_SIGN_STYLE = Automatic;
				COMBINE_HIDPI_IMAGES = YES;
				DEVELOPMENT_TEAM = RHUXLRP5B4;
				ENABLE_HARDENED_RUNTIME = YES;
				ENABLE_PREVIEWS = YES;
				INFOPLIST_FILE = macOS/Info.plist;
				LD_RUNPATH_SEARCH_PATHS = (
					"$(inherited)",
					"@executable_path/../Frameworks",
				);
				MACOSX_DEPLOYMENT_TARGET = 11.0;
				PRODUCT_BUNDLE_IDENTIFIER = com.erning.SudokuSolver;
				PRODUCT_NAME = SudokuSolver;
				SDKROOT = macosx;
				SWIFT_VERSION = 5.0;
			};
			name = Debug;
		};
		CAC93E4A25B58D6D00207492 /* Release */ = {
			isa = XCBuildConfiguration;
			buildSettings = {
				ASSETCATALOG_COMPILER_APPICON_NAME = AppIcon;
				ASSETCATALOG_COMPILER_GLOBAL_ACCENT_COLOR_NAME = AccentColor;
				CODE_SIGN_ENTITLEMENTS = macOS/macOS.entitlements;
				CODE_SIGN_STYLE = Automatic;
				COMBINE_HIDPI_IMAGES = YES;
				DEVELOPMENT_TEAM = RHUXLRP5B4;
				ENABLE_HARDENED_RUNTIME = YES;
				ENABLE_PREVIEWS = YES;
				INFOPLIST_FILE = macOS/Info.plist;
				LD_RUNPATH_SEARCH_PATHS = (
					"$(inherited)",
					"@executable_path/../Frameworks",
				);
				MACOSX_DEPLOYMENT_TARGET = 11.0;
				PRODUCT_BUNDLE_IDENTIFIER = com.erning.SudokuSolver;
				PRODUCT_NAME = SudokuSolver;
				SDKROOT = macosx;
				SWIFT_VERSION = 5.0;
			};
			name = Release;
		};
/* End XCBuildConfiguration section */

/* Begin XCConfigurationList section */
		CAC93E2825B58D6C00207492 /* Build configuration list for PBXProject "SudokuSolver" */ = {
			isa = XCConfigurationList;
			buildConfigurations = (
				CAC93E4325B58D6D00207492 /* Debug */,
				CAC93E4425B58D6D00207492 /* Release */,
			);
			defaultConfigurationIsVisible = 0;
			defaultConfigurationName = Release;
		};
		CAC93E4525B58D6D00207492 /* Build configuration list for PBXNativeTarget "SudokuSolver (iOS)" */ = {
			isa = XCConfigurationList;
			buildConfigurations = (
				CAC93E4625B58D6D00207492 /* Debug */,
				CAC93E4725B58D6D00207492 /* Release */,
			);
			defaultConfigurationIsVisible = 0;
			defaultConfigurationName = Release;
		};
		CAC93E4825B58D6D00207492 /* Build configuration list for PBXNativeTarget "SudokuSolver (macOS)" */ = {
			isa = XCConfigurationList;
			buildConfigurations = (
				CAC93E4925B58D6D00207492 /* Debug */,
				CAC93E4A25B58D6D00207492 /* Release */,
			);
			defaultConfigurationIsVisible = 0;
			defaultConfigurationName = Release;
		};
/* End XCConfigurationList section */
	};
	rootObject = CAC93E2525B58D6C00207492 /* Project object */;
}
